
Microsoft Visual Studio Solution File, Format Version 12.00
Project("{FAE04EC0-301F-11D3-BF4B-00C04F79EFBC}") = "CodeForcesTasks", "CodeForcesTasks\CodeForcesTasks.csproj", "{DC037395-A504-4F3E-A842-A39B2DE041D6}"
EndProject
Global
	GlobalSection(SolutionConfigurationPlatforms) = preSolution
		Debug|Any CPU = Debug|Any CPU
		Release|Any CPU = Release|Any CPU
	EndGlobalSection
	GlobalSection(ProjectConfigurationPlatforms) = postSolution
		{DC037395-A504-4F3E-A842-A39B2DE041D6}.Debug|Any CPU.ActiveCfg = Debug|Any CPU
		{DC037395-A504-4F3E-A842-A39B2DE041D6}.Debug|Any CPU.Build.0 = Debug|Any CPU
		{DC037395-A504-4F3E-A842-A39B2DE041D6}.Release|Any CPU.ActiveCfg = Release|Any CPU
		{DC037395-A504-4F3E-A842-A39B2DE041D6}.Release|Any CPU.Build.0 = Release|Any CPU
	EndGlobalSection
EndGlobal
